// !$*UTF8*$!
{
	archiveVersion = 1;
	classes = {
	};
	objectVersion = 51;
	objects = {

/* Begin PBXBuildFile section */
		11A44938AD454410837A610F /* Pods_GeofenceAreaTests.framework in Frameworks */ = {isa = PBXBuildFile; fileRef = CFF55F5B4900B409F83635FB /* Pods_GeofenceAreaTests.framework */; };
		5859A692D87BDB1EAC5B8978 /* Pods_GeofenceArea_GeofenceAreaUITests.framework in Frameworks */ = {isa = PBXBuildFile; fileRef = 54A738AE9FAF0531D56AABA1 /* Pods_GeofenceArea_GeofenceAreaUITests.framework */; };
		D455119C267C3E3E00CE0C8F /* AppDelegate.swift in Sources */ = {isa = PBXBuildFile; fileRef = D455119B267C3E3E00CE0C8F /* AppDelegate.swift */; };
		D45511A3267C3E3E00CE0C8F /* Main.storyboard in Resources */ = {isa = PBXBuildFile; fileRef = D45511A1267C3E3E00CE0C8F /* Main.storyboard */; };
		D45511A5267C3E4200CE0C8F /* Assets.xcassets in Resources */ = {isa = PBXBuildFile; fileRef = D45511A4267C3E4200CE0C8F /* Assets.xcassets */; };
		D45511A8267C3E4200CE0C8F /* LaunchScreen.storyboard in Resources */ = {isa = PBXBuildFile; fileRef = D45511A6267C3E4200CE0C8F /* LaunchScreen.storyboard */; };
		D45511B3267C3E4200CE0C8F /* GeofenceAreaTests.swift in Sources */ = {isa = PBXBuildFile; fileRef = D45511B2267C3E4200CE0C8F /* GeofenceAreaTests.swift */; };
		D45511BE267C3E4200CE0C8F /* GeofenceAreaUITests.swift in Sources */ = {isa = PBXBuildFile; fileRef = D45511BD267C3E4200CE0C8F /* GeofenceAreaUITests.swift */; };
		D45511D3267C3FED00CE0C8F /* UIViewControllerExtension.swift in Sources */ = {isa = PBXBuildFile; fileRef = D45511D2267C3FED00CE0C8F /* UIViewControllerExtension.swift */; };
		D45511D5267C3FFB00CE0C8F /* UIViewExtension.swift in Sources */ = {isa = PBXBuildFile; fileRef = D45511D4267C3FFB00CE0C8F /* UIViewExtension.swift */; };
		D45511D7267C409400CE0C8F /* StringExtension.swift in Sources */ = {isa = PBXBuildFile; fileRef = D45511D6267C409400CE0C8F /* StringExtension.swift */; };
		D45511D9267C40BD00CE0C8F /* MapViewExtension.swift in Sources */ = {isa = PBXBuildFile; fileRef = D45511D8267C40BD00CE0C8F /* MapViewExtension.swift */; };
		D45511DC267C410100CE0C8F /* GeofenceModel.swift in Sources */ = {isa = PBXBuildFile; fileRef = D45511DB267C410100CE0C8F /* GeofenceModel.swift */; };
		D45511E1267C461800CE0C8F /* ExternalAccessory.framework in Frameworks */ = {isa = PBXBuildFile; fileRef = D45511E0267C461800CE0C8F /* ExternalAccessory.framework */; };
		D45511E5267C4AE900CE0C8F /* GeofenceVC.swift in Sources */ = {isa = PBXBuildFile; fileRef = D45511E3267C4AE900CE0C8F /* GeofenceVC.swift */; };
		D45511E6267C4AE900CE0C8F /* GeofenceVC.xib in Resources */ = {isa = PBXBuildFile; fileRef = D45511E4267C4AE900CE0C8F /* GeofenceVC.xib */; };
		D45511E8267C4CBD00CE0C8F /* BaseVC.swift in Sources */ = {isa = PBXBuildFile; fileRef = D45511E7267C4CBD00CE0C8F /* BaseVC.swift */; };
		D45511EA267C533600CE0C8F /* UIImageExtentsion.swift in Sources */ = {isa = PBXBuildFile; fileRef = D45511E9267C533600CE0C8F /* UIImageExtentsion.swift */; };
		D45511ED267C537400CE0C8F /* CustomNaviVC.swift in Sources */ = {isa = PBXBuildFile; fileRef = D45511EC267C537400CE0C8F /* CustomNaviVC.swift */; };
		D45511EF267C540600CE0C8F /* Constants.swift in Sources */ = {isa = PBXBuildFile; fileRef = D45511EE267C540600CE0C8F /* Constants.swift */; };
		D45511F1267C55C100CE0C8F /* UIColorExtension.swift in Sources */ = {isa = PBXBuildFile; fileRef = D45511F0267C55C100CE0C8F /* UIColorExtension.swift */; };
		D45511F7267C58E400CE0C8F /* Application.swift in Sources */ = {isa = PBXBuildFile; fileRef = D45511F6267C58E400CE0C8F /* Application.swift */; };
		D45511F9267C595000CE0C8F /* Enum.swift in Sources */ = {isa = PBXBuildFile; fileRef = D45511F8267C595000CE0C8F /* Enum.swift */; };
		D45511FC267C59E300CE0C8F /* GeofencePresenter.swift in Sources */ = {isa = PBXBuildFile; fileRef = D45511FB267C59E300CE0C8F /* GeofencePresenter.swift */; };
		D45511FE267CA97700CE0C8F /* GeofenceService.swift in Sources */ = {isa = PBXBuildFile; fileRef = D45511FD267CA97700CE0C8F /* GeofenceService.swift */; };
		D4551202267CB64800CE0C8F /* AppPreferences.swift in Sources */ = {isa = PBXBuildFile; fileRef = D4551201267CB64800CE0C8F /* AppPreferences.swift */; };
		D455120A267CD42E00CE0C8F /* CreateAreaVC.swift in Sources */ = {isa = PBXBuildFile; fileRef = D4551208267CD42E00CE0C8F /* CreateAreaVC.swift */; };
		D455120B267CD42E00CE0C8F /* CreateAreaVC.xib in Resources */ = {isa = PBXBuildFile; fileRef = D4551209267CD42E00CE0C8F /* CreateAreaVC.xib */; };
		D455120F267D5DFC00CE0C8F /* CreateAreaCell.swift in Sources */ = {isa = PBXBuildFile; fileRef = D455120D267D5DFC00CE0C8F /* CreateAreaCell.swift */; };
		D4551210267D5DFC00CE0C8F /* CreateAreaCell.xib in Resources */ = {isa = PBXBuildFile; fileRef = D455120E267D5DFC00CE0C8F /* CreateAreaCell.xib */; };
		D4551213267F4B7900CE0C8F /* CreateAreaViewImplement.swift in Sources */ = {isa = PBXBuildFile; fileRef = D4551212267F4B7800CE0C8F /* CreateAreaViewImplement.swift */; };
		D4551218267F823700CE0C8F /* UIApplicationExtension.swift in Sources */ = {isa = PBXBuildFile; fileRef = D4551217267F823700CE0C8F /* UIApplicationExtension.swift */; };
		E5B18914ADA880FFCB393DF3 /* Pods_GeofenceArea.framework in Frameworks */ = {isa = PBXBuildFile; fileRef = 0819CE7129BD1C77C38FE39A /* Pods_GeofenceArea.framework */; };
/* End PBXBuildFile section */

/* Begin PBXContainerItemProxy section */
		D45511AF267C3E4200CE0C8F /* PBXContainerItemProxy */ = {
			isa = PBXContainerItemProxy;
			containerPortal = D4551190267C3E3E00CE0C8F /* Project object */;
			proxyType = 1;
			remoteGlobalIDString = D4551197267C3E3E00CE0C8F;
			remoteInfo = GeofenceArea;
		};
		D45511BA267C3E4200CE0C8F /* PBXContainerItemProxy */ = {
			isa = PBXContainerItemProxy;
			containerPortal = D4551190267C3E3E00CE0C8F /* Project object */;
			proxyType = 1;
			remoteGlobalIDString = D4551197267C3E3E00CE0C8F;
			remoteInfo = GeofenceArea;
		};
/* End PBXContainerItemProxy section */

/* Begin PBXFileReference section */
		0819CE7129BD1C77C38FE39A /* Pods_GeofenceArea.framework */ = {isa = PBXFileReference; explicitFileType = wrapper.framework; includeInIndex = 0; path = Pods_GeofenceArea.framework; sourceTree = BUILT_PRODUCTS_DIR; };
		08DC64BF273FA7924231B5DF /* Pods-GeofenceArea.debug.xcconfig */ = {isa = PBXFileReference; includeInIndex = 1; lastKnownFileType = text.xcconfig; name = "Pods-GeofenceArea.debug.xcconfig"; path = "Target Support Files/Pods-GeofenceArea/Pods-GeofenceArea.debug.xcconfig"; sourceTree = "<group>"; };
		18CA98524C6E330CBF381B18 /* Pods-GeofenceArea.release.xcconfig */ = {isa = PBXFileReference; includeInIndex = 1; lastKnownFileType = text.xcconfig; name = "Pods-GeofenceArea.release.xcconfig"; path = "Target Support Files/Pods-GeofenceArea/Pods-GeofenceArea.release.xcconfig"; sourceTree = "<group>"; };
		29F016C9684D1F172EF336F3 /* Pods-GeofenceAreaTests.release.xcconfig */ = {isa = PBXFileReference; includeInIndex = 1; lastKnownFileType = text.xcconfig; name = "Pods-GeofenceAreaTests.release.xcconfig"; path = "Target Support Files/Pods-GeofenceAreaTests/Pods-GeofenceAreaTests.release.xcconfig"; sourceTree = "<group>"; };
		3D6601824BFB8E76699859D4 /* Pods-GeofenceArea-GeofenceAreaUITests.release.xcconfig */ = {isa = PBXFileReference; includeInIndex = 1; lastKnownFileType = text.xcconfig; name = "Pods-GeofenceArea-GeofenceAreaUITests.release.xcconfig"; path = "Target Support Files/Pods-GeofenceArea-GeofenceAreaUITests/Pods-GeofenceArea-GeofenceAreaUITests.release.xcconfig"; sourceTree = "<group>"; };
		5232B6E1ECC45EB45EE57567 /* Pods-GeofenceAreaTests.debug.xcconfig */ = {isa = PBXFileReference; includeInIndex = 1; lastKnownFileType = text.xcconfig; name = "Pods-GeofenceAreaTests.debug.xcconfig"; path = "Target Support Files/Pods-GeofenceAreaTests/Pods-GeofenceAreaTests.debug.xcconfig"; sourceTree = "<group>"; };
		54A738AE9FAF0531D56AABA1 /* Pods_GeofenceArea_GeofenceAreaUITests.framework */ = {isa = PBXFileReference; explicitFileType = wrapper.framework; includeInIndex = 0; path = Pods_GeofenceArea_GeofenceAreaUITests.framework; sourceTree = BUILT_PRODUCTS_DIR; };
		CFF55F5B4900B409F83635FB /* Pods_GeofenceAreaTests.framework */ = {isa = PBXFileReference; explicitFileType = wrapper.framework; includeInIndex = 0; path = Pods_GeofenceAreaTests.framework; sourceTree = BUILT_PRODUCTS_DIR; };
		D4551198267C3E3E00CE0C8F /* GeofenceArea.app */ = {isa = PBXFileReference; explicitFileType = wrapper.application; includeInIndex = 0; path = GeofenceArea.app; sourceTree = BUILT_PRODUCTS_DIR; };
		D455119B267C3E3E00CE0C8F /* AppDelegate.swift */ = {isa = PBXFileReference; lastKnownFileType = sourcecode.swift; path = AppDelegate.swift; sourceTree = "<group>"; };
		D45511A2267C3E3E00CE0C8F /* Base */ = {isa = PBXFileReference; lastKnownFileType = file.storyboard; name = Base; path = Base.lproj/Main.storyboard; sourceTree = "<group>"; };
		D45511A4267C3E4200CE0C8F /* Assets.xcassets */ = {isa = PBXFileReference; lastKnownFileType = folder.assetcatalog; path = Assets.xcassets; sourceTree = "<group>"; };
		D45511A7267C3E4200CE0C8F /* Base */ = {isa = PBXFileReference; lastKnownFileType = file.storyboard; name = Base; path = Base.lproj/LaunchScreen.storyboard; sourceTree = "<group>"; };
		D45511A9267C3E4200CE0C8F /* Info.plist */ = {isa = PBXFileReference; lastKnownFileType = text.plist.xml; path = Info.plist; sourceTree = "<group>"; };
		D45511AE267C3E4200CE0C8F /* GeofenceAreaTests.xctest */ = {isa = PBXFileReference; explicitFileType = wrapper.cfbundle; includeInIndex = 0; path = GeofenceAreaTests.xctest; sourceTree = BUILT_PRODUCTS_DIR; };
		D45511B2267C3E4200CE0C8F /* GeofenceAreaTests.swift */ = {isa = PBXFileReference; lastKnownFileType = sourcecode.swift; path = GeofenceAreaTests.swift; sourceTree = "<group>"; };
		D45511B4267C3E4200CE0C8F /* Info.plist */ = {isa = PBXFileReference; lastKnownFileType = text.plist.xml; path = Info.plist; sourceTree = "<group>"; };
		D45511B9267C3E4200CE0C8F /* GeofenceAreaUITests.xctest */ = {isa = PBXFileReference; explicitFileType = wrapper.cfbundle; includeInIndex = 0; path = GeofenceAreaUITests.xctest; sourceTree = BUILT_PRODUCTS_DIR; };
		D45511BD267C3E4200CE0C8F /* GeofenceAreaUITests.swift */ = {isa = PBXFileReference; lastKnownFileType = sourcecode.swift; path = GeofenceAreaUITests.swift; sourceTree = "<group>"; };
		D45511BF267C3E4200CE0C8F /* Info.plist */ = {isa = PBXFileReference; lastKnownFileType = text.plist.xml; path = Info.plist; sourceTree = "<group>"; };
		D45511D2267C3FED00CE0C8F /* UIViewControllerExtension.swift */ = {isa = PBXFileReference; lastKnownFileType = sourcecode.swift; path = UIViewControllerExtension.swift; sourceTree = "<group>"; };
		D45511D4267C3FFB00CE0C8F /* UIViewExtension.swift */ = {isa = PBXFileReference; lastKnownFileType = sourcecode.swift; path = UIViewExtension.swift; sourceTree = "<group>"; };
		D45511D6267C409400CE0C8F /* StringExtension.swift */ = {isa = PBXFileReference; lastKnownFileType = sourcecode.swift; path = StringExtension.swift; sourceTree = "<group>"; };
		D45511D8267C40BD00CE0C8F /* MapViewExtension.swift */ = {isa = PBXFileReference; lastKnownFileType = sourcecode.swift; path = MapViewExtension.swift; sourceTree = "<group>"; };
		D45511DB267C410100CE0C8F /* GeofenceModel.swift */ = {isa = PBXFileReference; lastKnownFileType = sourcecode.swift; path = GeofenceModel.swift; sourceTree = "<group>"; };
		D45511DE267C461800CE0C8F /* GeofenceArea.entitlements */ = {isa = PBXFileReference; lastKnownFileType = text.plist.entitlements; path = GeofenceArea.entitlements; sourceTree = "<group>"; };
		D45511E0267C461800CE0C8F /* ExternalAccessory.framework */ = {isa = PBXFileReference; lastKnownFileType = wrapper.framework; name = ExternalAccessory.framework; path = System/Library/Frameworks/ExternalAccessory.framework; sourceTree = SDKROOT; };
		D45511E3267C4AE900CE0C8F /* GeofenceVC.swift */ = {isa = PBXFileReference; lastKnownFileType = sourcecode.swift; path = GeofenceVC.swift; sourceTree = "<group>"; };
		D45511E4267C4AE900CE0C8F /* GeofenceVC.xib */ = {isa = PBXFileReference; lastKnownFileType = file.xib; path = GeofenceVC.xib; sourceTree = "<group>"; };
		D45511E7267C4CBD00CE0C8F /* BaseVC.swift */ = {isa = PBXFileReference; lastKnownFileType = sourcecode.swift; path = BaseVC.swift; sourceTree = "<group>"; };
		D45511E9267C533600CE0C8F /* UIImageExtentsion.swift */ = {isa = PBXFileReference; lastKnownFileType = sourcecode.swift; path = UIImageExtentsion.swift; sourceTree = "<group>"; };
		D45511EC267C537400CE0C8F /* CustomNaviVC.swift */ = {isa = PBXFileReference; lastKnownFileType = sourcecode.swift; path = CustomNaviVC.swift; sourceTree = "<group>"; };
		D45511EE267C540600CE0C8F /* Constants.swift */ = {isa = PBXFileReference; lastKnownFileType = sourcecode.swift; path = Constants.swift; sourceTree = "<group>"; };
		D45511F0267C55C100CE0C8F /* UIColorExtension.swift */ = {isa = PBXFileReference; lastKnownFileType = sourcecode.swift; path = UIColorExtension.swift; sourceTree = "<group>"; };
		D45511F6267C58E400CE0C8F /* Application.swift */ = {isa = PBXFileReference; lastKnownFileType = sourcecode.swift; path = Application.swift; sourceTree = "<group>"; };
		D45511F8267C595000CE0C8F /* Enum.swift */ = {isa = PBXFileReference; lastKnownFileType = sourcecode.swift; path = Enum.swift; sourceTree = "<group>"; };
		D45511FB267C59E300CE0C8F /* GeofencePresenter.swift */ = {isa = PBXFileReference; lastKnownFileType = sourcecode.swift; path = GeofencePresenter.swift; sourceTree = "<group>"; };
		D45511FD267CA97700CE0C8F /* GeofenceService.swift */ = {isa = PBXFileReference; lastKnownFileType = sourcecode.swift; path = GeofenceService.swift; sourceTree = "<group>"; };
		D4551201267CB64800CE0C8F /* AppPreferences.swift */ = {isa = PBXFileReference; lastKnownFileType = sourcecode.swift; path = AppPreferences.swift; sourceTree = "<group>"; };
		D4551208267CD42E00CE0C8F /* CreateAreaVC.swift */ = {isa = PBXFileReference; lastKnownFileType = sourcecode.swift; path = CreateAreaVC.swift; sourceTree = "<group>"; };
		D4551209267CD42E00CE0C8F /* CreateAreaVC.xib */ = {isa = PBXFileReference; lastKnownFileType = file.xib; path = CreateAreaVC.xib; sourceTree = "<group>"; };
		D455120D267D5DFC00CE0C8F /* CreateAreaCell.swift */ = {isa = PBXFileReference; lastKnownFileType = sourcecode.swift; path = CreateAreaCell.swift; sourceTree = "<group>"; };
		D455120E267D5DFC00CE0C8F /* CreateAreaCell.xib */ = {isa = PBXFileReference; lastKnownFileType = file.xib; path = CreateAreaCell.xib; sourceTree = "<group>"; };
		D4551212267F4B7800CE0C8F /* CreateAreaViewImplement.swift */ = {isa = PBXFileReference; lastKnownFileType = sourcecode.swift; path = CreateAreaViewImplement.swift; sourceTree = "<group>"; };
		D4551217267F823700CE0C8F /* UIApplicationExtension.swift */ = {isa = PBXFileReference; lastKnownFileType = sourcecode.swift; path = UIApplicationExtension.swift; sourceTree = "<group>"; };
		E9743CAB388FDD9D3CEF9B4D /* Pods-GeofenceArea-GeofenceAreaUITests.debug.xcconfig */ = {isa = PBXFileReference; includeInIndex = 1; lastKnownFileType = text.xcconfig; name = "Pods-GeofenceArea-GeofenceAreaUITests.debug.xcconfig"; path = "Target Support Files/Pods-GeofenceArea-GeofenceAreaUITests/Pods-GeofenceArea-GeofenceAreaUITests.debug.xcconfig"; sourceTree = "<group>"; };
/* End PBXFileReference section */

/* Begin PBXFrameworksBuildPhase section */
		D4551195267C3E3E00CE0C8F /* Frameworks */ = {
			isa = PBXFrameworksBuildPhase;
			buildActionMask = 2147483647;
			files = (
				D45511E1267C461800CE0C8F /* ExternalAccessory.framework in Frameworks */,
				E5B18914ADA880FFCB393DF3 /* Pods_GeofenceArea.framework in Frameworks */,
			);
			runOnlyForDeploymentPostprocessing = 0;
		};
		D45511AB267C3E4200CE0C8F /* Frameworks */ = {
			isa = PBXFrameworksBuildPhase;
			buildActionMask = 2147483647;
			files = (
				11A44938AD454410837A610F /* Pods_GeofenceAreaTests.framework in Frameworks */,
			);
			runOnlyForDeploymentPostprocessing = 0;
		};
		D45511B6267C3E4200CE0C8F /* Frameworks */ = {
			isa = PBXFrameworksBuildPhase;
			buildActionMask = 2147483647;
			files = (
				5859A692D87BDB1EAC5B8978 /* Pods_GeofenceArea_GeofenceAreaUITests.framework in Frameworks */,
			);
			runOnlyForDeploymentPostprocessing = 0;
		};
/* End PBXFrameworksBuildPhase section */

/* Begin PBXGroup section */
		8427E3D61CC2712564CF2A9C /* Pods */ = {
			isa = PBXGroup;
			children = (
				08DC64BF273FA7924231B5DF /* Pods-GeofenceArea.debug.xcconfig */,
				18CA98524C6E330CBF381B18 /* Pods-GeofenceArea.release.xcconfig */,
				E9743CAB388FDD9D3CEF9B4D /* Pods-GeofenceArea-GeofenceAreaUITests.debug.xcconfig */,
				3D6601824BFB8E76699859D4 /* Pods-GeofenceArea-GeofenceAreaUITests.release.xcconfig */,
				5232B6E1ECC45EB45EE57567 /* Pods-GeofenceAreaTests.debug.xcconfig */,
				29F016C9684D1F172EF336F3 /* Pods-GeofenceAreaTests.release.xcconfig */,
			);
			path = Pods;
			sourceTree = "<group>";
		};
		D455118F267C3E3E00CE0C8F = {
			isa = PBXGroup;
			children = (
				D455119A267C3E3E00CE0C8F /* GeofenceArea */,
				D45511B1267C3E4200CE0C8F /* GeofenceAreaTests */,
				D45511BC267C3E4200CE0C8F /* GeofenceAreaUITests */,
				D4551199267C3E3E00CE0C8F /* Products */,
				D45511DF267C461800CE0C8F /* Frameworks */,
				8427E3D61CC2712564CF2A9C /* Pods */,
			);
			sourceTree = "<group>";
		};
		D4551199267C3E3E00CE0C8F /* Products */ = {
			isa = PBXGroup;
			children = (
				D4551198267C3E3E00CE0C8F /* GeofenceArea.app */,
				D45511AE267C3E4200CE0C8F /* GeofenceAreaTests.xctest */,
				D45511B9267C3E4200CE0C8F /* GeofenceAreaUITests.xctest */,
			);
			name = Products;
			sourceTree = "<group>";
		};
		D455119A267C3E3E00CE0C8F /* GeofenceArea */ = {
			isa = PBXGroup;
			children = (
				D45511DE267C461800CE0C8F /* GeofenceArea.entitlements */,
				D45511CB267C3E9C00CE0C8F /* Application */,
				D45511CC267C3ED100CE0C8F /* Common */,
				D45511CF267C3EFD00CE0C8F /* Extensions */,
				D45511D0267C3F0900CE0C8F /* Views */,
				D45511CD267C3EDF00CE0C8F /* ViewControllers */,
				D45511DD267C426500CE0C8F /* Presenter */,
				D45511CE267C3EEB00CE0C8F /* Storyboards */,
				D45511D1267C3F2400CE0C8F /* Model */,
				D45511A4267C3E4200CE0C8F /* Assets.xcassets */,
				D45511A9267C3E4200CE0C8F /* Info.plist */,
			);
			path = GeofenceArea;
			sourceTree = "<group>";
		};
		D45511B1267C3E4200CE0C8F /* GeofenceAreaTests */ = {
			isa = PBXGroup;
			children = (
				D45511B2267C3E4200CE0C8F /* GeofenceAreaTests.swift */,
				D45511B4267C3E4200CE0C8F /* Info.plist */,
			);
			path = GeofenceAreaTests;
			sourceTree = "<group>";
		};
		D45511BC267C3E4200CE0C8F /* GeofenceAreaUITests */ = {
			isa = PBXGroup;
			children = (
				D45511BD267C3E4200CE0C8F /* GeofenceAreaUITests.swift */,
				D45511BF267C3E4200CE0C8F /* Info.plist */,
			);
			path = GeofenceAreaUITests;
			sourceTree = "<group>";
		};
		D45511CB267C3E9C00CE0C8F /* Application */ = {
			isa = PBXGroup;
			children = (
				D455119B267C3E3E00CE0C8F /* AppDelegate.swift */,
				D45511F6267C58E400CE0C8F /* Application.swift */,
				D4551201267CB64800CE0C8F /* AppPreferences.swift */,
			);
			path = Application;
			sourceTree = "<group>";
		};
		D45511CC267C3ED100CE0C8F /* Common */ = {
			isa = PBXGroup;
			children = (
				D45511EE267C540600CE0C8F /* Constants.swift */,
				D45511F8267C595000CE0C8F /* Enum.swift */,
			);
			path = Common;
			sourceTree = "<group>";
		};
		D45511CD267C3EDF00CE0C8F /* ViewControllers */ = {
			isa = PBXGroup;
			children = (
				D4551203267CD3FB00CE0C8F /* CreateAreaVC */,
				D45511EB267C535000CE0C8F /* CustomNaviVC */,
				D45511E2267C4AC500CE0C8F /* GeofenceVC */,
				D45511E7267C4CBD00CE0C8F /* BaseVC.swift */,
			);
			path = ViewControllers;
			sourceTree = "<group>";
		};
		D45511CE267C3EEB00CE0C8F /* Storyboards */ = {
			isa = PBXGroup;
			children = (
				D45511A1267C3E3E00CE0C8F /* Main.storyboard */,
				D45511A6267C3E4200CE0C8F /* LaunchScreen.storyboard */,
			);
			path = Storyboards;
			sourceTree = "<group>";
		};
		D45511CF267C3EFD00CE0C8F /* Extensions */ = {
			isa = PBXGroup;
			children = (
				D45511F5267C564700CE0C8F /* ObjectExtension */,
				D45511F4267C562C00CE0C8F /* UIExtensions */,
			);
			path = Extensions;
			sourceTree = "<group>";
		};
		D45511D0267C3F0900CE0C8F /* Views */ = {
			isa = PBXGroup;
			children = (
				D455120C267D5DD100CE0C8F /* CreateAreaCell */,
			);
			path = Views;
			sourceTree = "<group>";
		};
		D45511D1267C3F2400CE0C8F /* Model */ = {
			isa = PBXGroup;
			children = (
				D45511DB267C410100CE0C8F /* GeofenceModel.swift */,
			);
			path = Model;
			sourceTree = "<group>";
		};
		D45511DD267C426500CE0C8F /* Presenter */ = {
			isa = PBXGroup;
			children = (
				D4551211267F4B3600CE0C8F /* CreateAreaPresenter */,
				D45511FA267C59C400CE0C8F /* GeofencePresenter */,
			);
			path = Presenter;
			sourceTree = "<group>";
		};
		D45511DF267C461800CE0C8F /* Frameworks */ = {
			isa = PBXGroup;
			children = (
				D45511E0267C461800CE0C8F /* ExternalAccessory.framework */,
				0819CE7129BD1C77C38FE39A /* Pods_GeofenceArea.framework */,
				54A738AE9FAF0531D56AABA1 /* Pods_GeofenceArea_GeofenceAreaUITests.framework */,
				CFF55F5B4900B409F83635FB /* Pods_GeofenceAreaTests.framework */,
			);
			name = Frameworks;
			sourceTree = "<group>";
		};
		D45511E2267C4AC500CE0C8F /* GeofenceVC */ = {
			isa = PBXGroup;
			children = (
				D45511E3267C4AE900CE0C8F /* GeofenceVC.swift */,
				D45511E4267C4AE900CE0C8F /* GeofenceVC.xib */,
			);
			path = GeofenceVC;
			sourceTree = "<group>";
		};
		D45511EB267C535000CE0C8F /* CustomNaviVC */ = {
			isa = PBXGroup;
			children = (
				D45511EC267C537400CE0C8F /* CustomNaviVC.swift */,
			);
			path = CustomNaviVC;
			sourceTree = "<group>";
		};
		D45511F4267C562C00CE0C8F /* UIExtensions */ = {
			isa = PBXGroup;
			children = (
				D45511D4267C3FFB00CE0C8F /* UIViewExtension.swift */,
				D45511D8267C40BD00CE0C8F /* MapViewExtension.swift */,
				D45511E9267C533600CE0C8F /* UIImageExtentsion.swift */,
				D45511D2267C3FED00CE0C8F /* UIViewControllerExtension.swift */,
				D45511F0267C55C100CE0C8F /* UIColorExtension.swift */,
				D4551217267F823700CE0C8F /* UIApplicationExtension.swift */,
			);
			path = UIExtensions;
			sourceTree = "<group>";
		};
		D45511F5267C564700CE0C8F /* ObjectExtension */ = {
			isa = PBXGroup;
			children = (
				D45511D6267C409400CE0C8F /* StringExtension.swift */,
			);
			path = ObjectExtension;
			sourceTree = "<group>";
		};
		D45511FA267C59C400CE0C8F /* GeofencePresenter */ = {
			isa = PBXGroup;
			children = (
				D45511FB267C59E300CE0C8F /* GeofencePresenter.swift */,
				D45511FD267CA97700CE0C8F /* GeofenceService.swift */,
			);
			path = GeofencePresenter;
			sourceTree = "<group>";
		};
		D4551203267CD3FB00CE0C8F /* CreateAreaVC */ = {
			isa = PBXGroup;
			children = (
				D4551208267CD42E00CE0C8F /* CreateAreaVC.swift */,
				D4551209267CD42E00CE0C8F /* CreateAreaVC.xib */,
			);
			path = CreateAreaVC;
			sourceTree = "<group>";
		};
		D455120C267D5DD100CE0C8F /* CreateAreaCell */ = {
			isa = PBXGroup;
			children = (
				D455120D267D5DFC00CE0C8F /* CreateAreaCell.swift */,
				D455120E267D5DFC00CE0C8F /* CreateAreaCell.xib */,
			);
			path = CreateAreaCell;
			sourceTree = "<group>";
		};
		D4551211267F4B3600CE0C8F /* CreateAreaPresenter */ = {
			isa = PBXGroup;
			children = (
				D4551212267F4B7800CE0C8F /* CreateAreaViewImplement.swift */,
			);
			path = CreateAreaPresenter;
			sourceTree = "<group>";
		};
/* End PBXGroup section */

/* Begin PBXNativeTarget section */
		D4551197267C3E3E00CE0C8F /* GeofenceArea */ = {
			isa = PBXNativeTarget;
			buildConfigurationList = D45511C2267C3E4200CE0C8F /* Build configuration list for PBXNativeTarget "GeofenceArea" */;
			buildPhases = (
				F2B0462CC50D795FD1E9C1B1 /* [CP] Check Pods Manifest.lock */,
				D4551194267C3E3E00CE0C8F /* Sources */,
				D4551195267C3E3E00CE0C8F /* Frameworks */,
				D4551196267C3E3E00CE0C8F /* Resources */,
				934F6CE79F97A583F8695AD3 /* [CP] Embed Pods Frameworks */,
			);
			buildRules = (
			);
			dependencies = (
			);
			name = GeofenceArea;
			productName = GeofenceArea;
			productReference = D4551198267C3E3E00CE0C8F /* GeofenceArea.app */;
			productType = "com.apple.product-type.application";
		};
		D45511AD267C3E4200CE0C8F /* GeofenceAreaTests */ = {
			isa = PBXNativeTarget;
			buildConfigurationList = D45511C5267C3E4200CE0C8F /* Build configuration list for PBXNativeTarget "GeofenceAreaTests" */;
			buildPhases = (
				812E2F7D94ECF83675719883 /* [CP] Check Pods Manifest.lock */,
				D45511AA267C3E4200CE0C8F /* Sources */,
				D45511AB267C3E4200CE0C8F /* Frameworks */,
				D45511AC267C3E4200CE0C8F /* Resources */,
			);
			buildRules = (
			);
			dependencies = (
				D45511B0267C3E4200CE0C8F /* PBXTargetDependency */,
			);
			name = GeofenceAreaTests;
			productName = GeofenceAreaTests;
			productReference = D45511AE267C3E4200CE0C8F /* GeofenceAreaTests.xctest */;
			productType = "com.apple.product-type.bundle.unit-test";
		};
		D45511B8267C3E4200CE0C8F /* GeofenceAreaUITests */ = {
			isa = PBXNativeTarget;
			buildConfigurationList = D45511C8267C3E4200CE0C8F /* Build configuration list for PBXNativeTarget "GeofenceAreaUITests" */;
			buildPhases = (
				CC762290B67DEBFF0393ECDB /* [CP] Check Pods Manifest.lock */,
				D45511B5267C3E4200CE0C8F /* Sources */,
				D45511B6267C3E4200CE0C8F /* Frameworks */,
				D45511B7267C3E4200CE0C8F /* Resources */,
				6C59393B799F2037C214D863 /* [CP] Embed Pods Frameworks */,
			);
			buildRules = (
			);
			dependencies = (
				D45511BB267C3E4200CE0C8F /* PBXTargetDependency */,
			);
			name = GeofenceAreaUITests;
			productName = GeofenceAreaUITests;
			productReference = D45511B9267C3E4200CE0C8F /* GeofenceAreaUITests.xctest */;
			productType = "com.apple.product-type.bundle.ui-testing";
		};
/* End PBXNativeTarget section */

/* Begin PBXProject section */
		D4551190267C3E3E00CE0C8F /* Project object */ = {
			isa = PBXProject;
			attributes = {
				LastSwiftUpdateCheck = 1250;
				LastUpgradeCheck = 1250;
				TargetAttributes = {
					D4551197267C3E3E00CE0C8F = {
						CreatedOnToolsVersion = 12.5;
					};
					D45511AD267C3E4200CE0C8F = {
						CreatedOnToolsVersion = 12.5;
						TestTargetID = D4551197267C3E3E00CE0C8F;
					};
					D45511B8267C3E4200CE0C8F = {
						CreatedOnToolsVersion = 12.5;
						TestTargetID = D4551197267C3E3E00CE0C8F;
					};
				};
			};
			buildConfigurationList = D4551193267C3E3E00CE0C8F /* Build configuration list for PBXProject "GeofenceArea" */;
			compatibilityVersion = "Xcode 9.3";
			developmentRegion = en;
			hasScannedForEncodings = 0;
			knownRegions = (
				en,
				Base,
			);
			mainGroup = D455118F267C3E3E00CE0C8F;
			productRefGroup = D4551199267C3E3E00CE0C8F /* Products */;
			projectDirPath = "";
			projectRoot = "";
			targets = (
				D4551197267C3E3E00CE0C8F /* GeofenceArea */,
				D45511AD267C3E4200CE0C8F /* GeofenceAreaTests */,
				D45511B8267C3E4200CE0C8F /* GeofenceAreaUITests */,
			);
		};
/* End PBXProject section */

/* Begin PBXResourcesBuildPhase section */
		D4551196267C3E3E00CE0C8F /* Resources */ = {
			isa = PBXResourcesBuildPhase;
			buildActionMask = 2147483647;
			files = (
				D45511E6267C4AE900CE0C8F /* GeofenceVC.xib in Resources */,
				D45511A8267C3E4200CE0C8F /* LaunchScreen.storyboard in Resources */,
				D4551210267D5DFC00CE0C8F /* CreateAreaCell.xib in Resources */,
				D455120B267CD42E00CE0C8F /* CreateAreaVC.xib in Resources */,
				D45511A5267C3E4200CE0C8F /* Assets.xcassets in Resources */,
				D45511A3267C3E3E00CE0C8F /* Main.storyboard in Resources */,
			);
			runOnlyForDeploymentPostprocessing = 0;
		};
		D45511AC267C3E4200CE0C8F /* Resources */ = {
			isa = PBXResourcesBuildPhase;
			buildActionMask = 2147483647;
			files = (
			);
			runOnlyForDeploymentPostprocessing = 0;
		};
		D45511B7267C3E4200CE0C8F /* Resources */ = {
			isa = PBXResourcesBuildPhase;
			buildActionMask = 2147483647;
			files = (
			);
			runOnlyForDeploymentPostprocessing = 0;
		};
/* End PBXResourcesBuildPhase section */

/* Begin PBXShellScriptBuildPhase section */
		6C59393B799F2037C214D863 /* [CP] Embed Pods Frameworks */ = {
			isa = PBXShellScriptBuildPhase;
			buildActionMask = 2147483647;
			files = (
			);
			inputFileListPaths = (
				"${PODS_ROOT}/Target Support Files/Pods-GeofenceArea-GeofenceAreaUITests/Pods-GeofenceArea-GeofenceAreaUITests-frameworks-${CONFIGURATION}-input-files.xcfilelist",
			);
			name = "[CP] Embed Pods Frameworks";
			outputFileListPaths = (
				"${PODS_ROOT}/Target Support Files/Pods-GeofenceArea-GeofenceAreaUITests/Pods-GeofenceArea-GeofenceAreaUITests-frameworks-${CONFIGURATION}-output-files.xcfilelist",
			);
			runOnlyForDeploymentPostprocessing = 0;
			shellPath = /bin/sh;
			shellScript = "\"${PODS_ROOT}/Target Support Files/Pods-GeofenceArea-GeofenceAreaUITests/Pods-GeofenceArea-GeofenceAreaUITests-frameworks.sh\"\n";
			showEnvVarsInLog = 0;
		};
		812E2F7D94ECF83675719883 /* [CP] Check Pods Manifest.lock */ = {
			isa = PBXShellScriptBuildPhase;
			buildActionMask = 2147483647;
			files = (
			);
			inputFileListPaths = (
			);
			inputPaths = (
				"${PODS_PODFILE_DIR_PATH}/Podfile.lock",
				"${PODS_ROOT}/Manifest.lock",
			);
			name = "[CP] Check Pods Manifest.lock";
			outputFileListPaths = (
			);
			outputPaths = (
				"$(DERIVED_FILE_DIR)/Pods-GeofenceAreaTests-checkManifestLockResult.txt",
			);
			runOnlyForDeploymentPostprocessing = 0;
			shellPath = /bin/sh;
			shellScript = "diff \"${PODS_PODFILE_DIR_PATH}/Podfile.lock\" \"${PODS_ROOT}/Manifest.lock\" > /dev/null\nif [ $? != 0 ] ; then\n    # print error to STDERR\n    echo \"error: The sandbox is not in sync with the Podfile.lock. Run 'pod install' or update your CocoaPods installation.\" >&2\n    exit 1\nfi\n# This output is used by Xcode 'outputs' to avoid re-running this script phase.\necho \"SUCCESS\" > \"${SCRIPT_OUTPUT_FILE_0}\"\n";
			showEnvVarsInLog = 0;
		};
		934F6CE79F97A583F8695AD3 /* [CP] Embed Pods Frameworks */ = {
			isa = PBXShellScriptBuildPhase;
			buildActionMask = 2147483647;
			files = (
			);
			inputFileListPaths = (
				"${PODS_ROOT}/Target Support Files/Pods-GeofenceArea/Pods-GeofenceArea-frameworks-${CONFIGURATION}-input-files.xcfilelist",
			);
			name = "[CP] Embed Pods Frameworks";
			outputFileListPaths = (
				"${PODS_ROOT}/Target Support Files/Pods-GeofenceArea/Pods-GeofenceArea-frameworks-${CONFIGURATION}-output-files.xcfilelist",
			);
			runOnlyForDeploymentPostprocessing = 0;
			shellPath = /bin/sh;
			shellScript = "\"${PODS_ROOT}/Target Support Files/Pods-GeofenceArea/Pods-GeofenceArea-frameworks.sh\"\n";
			showEnvVarsInLog = 0;
		};
		CC762290B67DEBFF0393ECDB /* [CP] Check Pods Manifest.lock */ = {
			isa = PBXShellScriptBuildPhase;
			buildActionMask = 2147483647;
			files = (
			);
			inputFileListPaths = (
			);
			inputPaths = (
				"${PODS_PODFILE_DIR_PATH}/Podfile.lock",
				"${PODS_ROOT}/Manifest.lock",
			);
			name = "[CP] Check Pods Manifest.lock";
			outputFileListPaths = (
			);
			outputPaths = (
				"$(DERIVED_FILE_DIR)/Pods-GeofenceArea-GeofenceAreaUITests-checkManifestLockResult.txt",
			);
			runOnlyForDeploymentPostprocessing = 0;
			shellPath = /bin/sh;
			shellScript = "diff \"${PODS_PODFILE_DIR_PATH}/Podfile.lock\" \"${PODS_ROOT}/Manifest.lock\" > /dev/null\nif [ $? != 0 ] ; then\n    # print error to STDERR\n    echo \"error: The sandbox is not in sync with the Podfile.lock. Run 'pod install' or update your CocoaPods installation.\" >&2\n    exit 1\nfi\n# This output is used by Xcode 'outputs' to avoid re-running this script phase.\necho \"SUCCESS\" > \"${SCRIPT_OUTPUT_FILE_0}\"\n";
			showEnvVarsInLog = 0;
		};
		F2B0462CC50D795FD1E9C1B1 /* [CP] Check Pods Manifest.lock */ = {
			isa = PBXShellScriptBuildPhase;
			buildActionMask = 2147483647;
			files = (
			);
			inputFileListPaths = (
			);
			inputPaths = (
				"${PODS_PODFILE_DIR_PATH}/Podfile.lock",
				"${PODS_ROOT}/Manifest.lock",
			);
			name = "[CP] Check Pods Manifest.lock";
			outputFileListPaths = (
			);
			outputPaths = (
				"$(DERIVED_FILE_DIR)/Pods-GeofenceArea-checkManifestLockResult.txt",
			);
			runOnlyForDeploymentPostprocessing = 0;
			shellPath = /bin/sh;
			shellScript = "diff \"${PODS_PODFILE_DIR_PATH}/Podfile.lock\" \"${PODS_ROOT}/Manifest.lock\" > /dev/null\nif [ $? != 0 ] ; then\n    # print error to STDERR\n    echo \"error: The sandbox is not in sync with the Podfile.lock. Run 'pod install' or update your CocoaPods installation.\" >&2\n    exit 1\nfi\n# This output is used by Xcode 'outputs' to avoid re-running this script phase.\necho \"SUCCESS\" > \"${SCRIPT_OUTPUT_FILE_0}\"\n";
			showEnvVarsInLog = 0;
		};
/* End PBXShellScriptBuildPhase section */

/* Begin PBXSourcesBuildPhase section */
		D4551194267C3E3E00CE0C8F /* Sources */ = {
			isa = PBXSourcesBuildPhase;
			buildActionMask = 2147483647;
			files = (
				D45511DC267C410100CE0C8F /* GeofenceModel.swift in Sources */,
				D45511EF267C540600CE0C8F /* Constants.swift in Sources */,
				D45511D9267C40BD00CE0C8F /* MapViewExtension.swift in Sources */,
				D455120A267CD42E00CE0C8F /* CreateAreaVC.swift in Sources */,
				D455119C267C3E3E00CE0C8F /* AppDelegate.swift in Sources */,
				D4551213267F4B7900CE0C8F /* CreateAreaViewImplement.swift in Sources */,
				D45511F9267C595000CE0C8F /* Enum.swift in Sources */,
				D4551202267CB64800CE0C8F /* AppPreferences.swift in Sources */,
				D45511ED267C537400CE0C8F /* CustomNaviVC.swift in Sources */,
				D45511E8267C4CBD00CE0C8F /* BaseVC.swift in Sources */,
				D45511D7267C409400CE0C8F /* StringExtension.swift in Sources */,
				D45511D5267C3FFB00CE0C8F /* UIViewExtension.swift in Sources */,
				D4551218267F823700CE0C8F /* UIApplicationExtension.swift in Sources */,
				D45511FC267C59E300CE0C8F /* GeofencePresenter.swift in Sources */,
				D45511EA267C533600CE0C8F /* UIImageExtentsion.swift in Sources */,
				D45511D3267C3FED00CE0C8F /* UIViewControllerExtension.swift in Sources */,
				D455120F267D5DFC00CE0C8F /* CreateAreaCell.swift in Sources */,
				D45511E5267C4AE900CE0C8F /* GeofenceVC.swift in Sources */,
				D45511FE267CA97700CE0C8F /* GeofenceService.swift in Sources */,
				D45511F7267C58E400CE0C8F /* Application.swift in Sources */,
				D45511F1267C55C100CE0C8F /* UIColorExtension.swift in Sources */,
			);
			runOnlyForDeploymentPostprocessing = 0;
		};
		D45511AA267C3E4200CE0C8F /* Sources */ = {
			isa = PBXSourcesBuildPhase;
			buildActionMask = 2147483647;
			files = (
				D45511B3267C3E4200CE0C8F /* GeofenceAreaTests.swift in Sources */,
			);
			runOnlyForDeploymentPostprocessing = 0;
		};
		D45511B5267C3E4200CE0C8F /* Sources */ = {
			isa = PBXSourcesBuildPhase;
			buildActionMask = 2147483647;
			files = (
				D45511BE267C3E4200CE0C8F /* GeofenceAreaUITests.swift in Sources */,
			);
			runOnlyForDeploymentPostprocessing = 0;
		};
/* End PBXSourcesBuildPhase section */

/* Begin PBXTargetDependency section */
		D45511B0267C3E4200CE0C8F /* PBXTargetDependency */ = {
			isa = PBXTargetDependency;
			target = D4551197267C3E3E00CE0C8F /* GeofenceArea */;
			targetProxy = D45511AF267C3E4200CE0C8F /* PBXContainerItemProxy */;
		};
		D45511BB267C3E4200CE0C8F /* PBXTargetDependency */ = {
			isa = PBXTargetDependency;
			target = D4551197267C3E3E00CE0C8F /* GeofenceArea */;
			targetProxy = D45511BA267C3E4200CE0C8F /* PBXContainerItemProxy */;
		};
/* End PBXTargetDependency section */

/* Begin PBXVariantGroup section */
		D45511A1267C3E3E00CE0C8F /* Main.storyboard */ = {
			isa = PBXVariantGroup;
			children = (
				D45511A2267C3E3E00CE0C8F /* Base */,
			);
			name = Main.storyboard;
			sourceTree = "<group>";
		};
		D45511A6267C3E4200CE0C8F /* LaunchScreen.storyboard */ = {
			isa = PBXVariantGroup;
			children = (
				D45511A7267C3E4200CE0C8F /* Base */,
			);
			name = LaunchScreen.storyboard;
			sourceTree = "<group>";
		};
/* End PBXVariantGroup section */

/* Begin XCBuildConfiguration section */
		D45511C0267C3E4200CE0C8F /* Debug */ = {
			isa = XCBuildConfiguration;
			buildSettings = {
				ALWAYS_SEARCH_USER_PATHS = NO;
				CLANG_ANALYZER_NONNULL = YES;
				CLANG_ANALYZER_NUMBER_OBJECT_CONVERSION = YES_AGGRESSIVE;
				CLANG_CXX_LANGUAGE_STANDARD = "gnu++14";
				CLANG_CXX_LIBRARY = "libc++";
				CLANG_ENABLE_MODULES = YES;
				CLANG_ENABLE_OBJC_ARC = YES;
				CLANG_ENABLE_OBJC_WEAK = YES;
				CLANG_WARN_BLOCK_CAPTURE_AUTORELEASING = YES;
				CLANG_WARN_BOOL_CONVERSION = YES;
				CLANG_WARN_COMMA = YES;
				CLANG_WARN_CONSTANT_CONVERSION = YES;
				CLANG_WARN_DEPRECATED_OBJC_IMPLEMENTATIONS = YES;
				CLANG_WARN_DIRECT_OBJC_ISA_USAGE = YES_ERROR;
				CLANG_WARN_DOCUMENTATION_COMMENTS = YES;
				CLANG_WARN_EMPTY_BODY = YES;
				CLANG_WARN_ENUM_CONVERSION = YES;
				CLANG_WARN_INFINITE_RECURSION = YES;
				CLANG_WARN_INT_CONVERSION = YES;
				CLANG_WARN_NON_LITERAL_NULL_CONVERSION = YES;
				CLANG_WARN_OBJC_IMPLICIT_RETAIN_SELF = YES;
				CLANG_WARN_OBJC_LITERAL_CONVERSION = YES;
				CLANG_WARN_OBJC_ROOT_CLASS = YES_ERROR;
				CLANG_WARN_QUOTED_INCLUDE_IN_FRAMEWORK_HEADER = YES;
				CLANG_WARN_RANGE_LOOP_ANALYSIS = YES;
				CLANG_WARN_STRICT_PROTOTYPES = YES;
				CLANG_WARN_SUSPICIOUS_MOVE = YES;
				CLANG_WARN_UNGUARDED_AVAILABILITY = YES_AGGRESSIVE;
				CLANG_WARN_UNREACHABLE_CODE = YES;
				CLANG_WARN__DUPLICATE_METHOD_MATCH = YES;
				COPY_PHASE_STRIP = NO;
				DEBUG_INFORMATION_FORMAT = dwarf;
				ENABLE_STRICT_OBJC_MSGSEND = YES;
				ENABLE_TESTABILITY = YES;
				GCC_C_LANGUAGE_STANDARD = gnu11;
				GCC_DYNAMIC_NO_PIC = NO;
				GCC_NO_COMMON_BLOCKS = YES;
				GCC_OPTIMIZATION_LEVEL = 0;
				GCC_PREPROCESSOR_DEFINITIONS = (
					"DEBUG=1",
					"$(inherited)",
				);
				GCC_WARN_64_TO_32_BIT_CONVERSION = YES;
				GCC_WARN_ABOUT_RETURN_TYPE = YES_ERROR;
				GCC_WARN_UNDECLARED_SELECTOR = YES;
				GCC_WARN_UNINITIALIZED_AUTOS = YES_AGGRESSIVE;
				GCC_WARN_UNUSED_FUNCTION = YES;
				GCC_WARN_UNUSED_VARIABLE = YES;
				IPHONEOS_DEPLOYMENT_TARGET = 11.0;
				MTL_ENABLE_DEBUG_INFO = INCLUDE_SOURCE;
				MTL_FAST_MATH = YES;
				ONLY_ACTIVE_ARCH = YES;
				SDKROOT = iphoneos;
				SWIFT_ACTIVE_COMPILATION_CONDITIONS = DEBUG;
				SWIFT_OPTIMIZATION_LEVEL = "-Onone";
			};
			name = Debug;
		};
		D45511C1267C3E4200CE0C8F /* Release */ = {
			isa = XCBuildConfiguration;
			buildSettings = {
				ALWAYS_SEARCH_USER_PATHS = NO;
				CLANG_ANALYZER_NONNULL = YES;
				CLANG_ANALYZER_NUMBER_OBJECT_CONVERSION = YES_AGGRESSIVE;
				CLANG_CXX_LANGUAGE_STANDARD = "gnu++14";
				CLANG_CXX_LIBRARY = "libc++";
				CLANG_ENABLE_MODULES = YES;
				CLANG_ENABLE_OBJC_ARC = YES;
				CLANG_ENABLE_OBJC_WEAK = YES;
				CLANG_WARN_BLOCK_CAPTURE_AUTORELEASING = YES;
				CLANG_WARN_BOOL_CONVERSION = YES;
				CLANG_WARN_COMMA = YES;
				CLANG_WARN_CONSTANT_CONVERSION = YES;
				CLANG_WARN_DEPRECATED_OBJC_IMPLEMENTATIONS = YES;
				CLANG_WARN_DIRECT_OBJC_ISA_USAGE = YES_ERROR;
				CLANG_WARN_DOCUMENTATION_COMMENTS = YES;
				CLANG_WARN_EMPTY_BODY = YES;
				CLANG_WARN_ENUM_CONVERSION = YES;
				CLANG_WARN_INFINITE_RECURSION = YES;
				CLANG_WARN_INT_CONVERSION = YES;
				CLANG_WARN_NON_LITERAL_NULL_CONVERSION = YES;
				CLANG_WARN_OBJC_IMPLICIT_RETAIN_SELF = YES;
				CLANG_WARN_OBJC_LITERAL_CONVERSION = YES;
				CLANG_WARN_OBJC_ROOT_CLASS = YES_ERROR;
				CLANG_WARN_QUOTED_INCLUDE_IN_FRAMEWORK_HEADER = YES;
				CLANG_WARN_RANGE_LOOP_ANALYSIS = YES;
				CLANG_WARN_STRICT_PROTOTYPES = YES;
				CLANG_WARN_SUSPICIOUS_MOVE = YES;
				CLANG_WARN_UNGUARDED_AVAILABILITY = YES_AGGRESSIVE;
				CLANG_WARN_UNREACHABLE_CODE = YES;
				CLANG_WARN__DUPLICATE_METHOD_MATCH = YES;
				COPY_PHASE_STRIP = NO;
				DEBUG_INFORMATION_FORMAT = "dwarf-with-dsym";
				ENABLE_NS_ASSERTIONS = NO;
				ENABLE_STRICT_OBJC_MSGSEND = YES;
				GCC_C_LANGUAGE_STANDARD = gnu11;
				GCC_NO_COMMON_BLOCKS = YES;
				GCC_WARN_64_TO_32_BIT_CONVERSION = YES;
				GCC_WARN_ABOUT_RETURN_TYPE = YES_ERROR;
				GCC_WARN_UNDECLARED_SELECTOR = YES;
				GCC_WARN_UNINITIALIZED_AUTOS = YES_AGGRESSIVE;
				GCC_WARN_UNUSED_FUNCTION = YES;
				GCC_WARN_UNUSED_VARIABLE = YES;
				IPHONEOS_DEPLOYMENT_TARGET = 11.0;
				MTL_ENABLE_DEBUG_INFO = NO;
				MTL_FAST_MATH = YES;
				SDKROOT = iphoneos;
				SWIFT_COMPILATION_MODE = wholemodule;
				SWIFT_OPTIMIZATION_LEVEL = "-O";
				VALIDATE_PRODUCT = YES;
			};
			name = Release;
		};
		D45511C3267C3E4200CE0C8F /* Debug */ = {
			isa = XCBuildConfiguration;
			baseConfigurationReference = 08DC64BF273FA7924231B5DF /* Pods-GeofenceArea.debug.xcconfig */;
			buildSettings = {
				ASSETCATALOG_COMPILER_APPICON_NAME = AppIcon;
				ASSETCATALOG_COMPILER_GLOBAL_ACCENT_COLOR_NAME = AccentColor;
				CODE_SIGN_ENTITLEMENTS = GeofenceArea/GeofenceArea.entitlements;
				CODE_SIGN_IDENTITY = "Apple Development";
				CODE_SIGN_STYLE = Automatic;
				DEVELOPMENT_TEAM = AXD84JLJMU;
				INFOPLIST_FILE = GeofenceArea/Info.plist;
				LD_RUNPATH_SEARCH_PATHS = (
					"$(inherited)",
					"@executable_path/Frameworks",
				);
				PRODUCT_BUNDLE_IDENTIFIER = com.blacpay.geofence;
				PRODUCT_NAME = "$(TARGET_NAME)";
				PROVISIONING_PROFILE_SPECIFIER = "";
				SWIFT_VERSION = 5.0;
				TARGETED_DEVICE_FAMILY = "1,2";
			};
			name = Debug;
		};
		D45511C4267C3E4200CE0C8F /* Release */ = {
			isa = XCBuildConfiguration;
			baseConfigurationReference = 18CA98524C6E330CBF381B18 /* Pods-GeofenceArea.release.xcconfig */;
			buildSettings = {
				ASSETCATALOG_COMPILER_APPICON_NAME = AppIcon;
				ASSETCATALOG_COMPILER_GLOBAL_ACCENT_COLOR_NAME = AccentColor;
				CODE_SIGN_ENTITLEMENTS = GeofenceArea/GeofenceArea.entitlements;
				CODE_SIGN_IDENTITY = "Apple Development";
				CODE_SIGN_STYLE = Automatic;
				DEVELOPMENT_TEAM = AXD84JLJMU;
				INFOPLIST_FILE = GeofenceArea/Info.plist;
				LD_RUNPATH_SEARCH_PATHS = (
					"$(inherited)",
					"@executable_path/Frameworks",
				);
				PRODUCT_BUNDLE_IDENTIFIER = com.blacpay.geofence;
				PRODUCT_NAME = "$(TARGET_NAME)";
				PROVISIONING_PROFILE_SPECIFIER = "";
				SWIFT_VERSION = 5.0;
				TARGETED_DEVICE_FAMILY = "1,2";
			};
			name = Release;
		};
		D45511C6267C3E4200CE0C8F /* Debug */ = {
			isa = XCBuildConfiguration;
			baseConfigurationReference = 5232B6E1ECC45EB45EE57567 /* Pods-GeofenceAreaTests.debug.xcconfig */;
			buildSettings = {
				ALWAYS_EMBED_SWIFT_STANDARD_LIBRARIES = YES;
				BUNDLE_LOADER = "$(TEST_HOST)";
				CODE_SIGN_STYLE = Automatic;
				DEVELOPMENT_TEAM = 4AB6UU9F4M;
				INFOPLIST_FILE = GeofenceAreaTests/Info.plist;
				IPHONEOS_DEPLOYMENT_TARGET = 14.5;
				LD_RUNPATH_SEARCH_PATHS = (
					"$(inherited)",
					"@executable_path/Frameworks",
					"@loader_path/Frameworks",
				);
				PRODUCT_BUNDLE_IDENTIFIER = sotatek.com.GeofenceAreaTests;
				PRODUCT_NAME = "$(TARGET_NAME)";
				SWIFT_VERSION = 5.0;
				TARGETED_DEVICE_FAMILY = "1,2";
				TEST_HOST = "$(BUILT_PRODUCTS_DIR)/GeofenceArea.app/GeofenceArea";
			};
			name = Debug;
		};
		D45511C7267C3E4200CE0C8F /* Release */ = {
			isa = XCBuildConfiguration;
			baseConfigurationReference = 29F016C9684D1F172EF336F3 /* Pods-GeofenceAreaTests.release.xcconfig */;
			buildSettings = {
				ALWAYS_EMBED_SWIFT_STANDARD_LIBRARIES = YES;
				BUNDLE_LOADER = "$(TEST_HOST)";
				CODE_SIGN_STYLE = Automatic;
				DEVELOPMENT_TEAM = 4AB6UU9F4M;
				INFOPLIST_FILE = GeofenceAreaTests/Info.plist;
				IPHONEOS_DEPLOYMENT_TARGET = 14.5;
				LD_RUNPATH_SEARCH_PATHS = (
					"$(inherited)",
					"@executable_path/Frameworks",
					"@loader_path/Frameworks",
				);
				PRODUCT_BUNDLE_IDENTIFIER = sotatek.com.GeofenceAreaTests;
				PRODUCT_NAME = "$(TARGET_NAME)";
				SWIFT_VERSION = 5.0;
				TARGETED_DEVICE_FAMILY = "1,2";
				TEST_HOST = "$(BUILT_PRODUCTS_DIR)/GeofenceArea.app/GeofenceArea";
			};
			name = Release;
		};
		D45511C9267C3E4200CE0C8F /* Debug */ = {
			isa = XCBuildConfiguration;
			baseConfigurationReference = E9743CAB388FDD9D3CEF9B4D /* Pods-GeofenceArea-GeofenceAreaUITests.debug.xcconfig */;
			buildSettings = {
				ALWAYS_EMBED_SWIFT_STANDARD_LIBRARIES = YES;
				CODE_SIGN_STYLE = Automatic;
				DEVELOPMENT_TEAM = 4AB6UU9F4M;
				INFOPLIST_FILE = GeofenceAreaUITests/Info.plist;
				LD_RUNPATH_SEARCH_PATHS = (
					"$(inherited)",
					"@executable_path/Frameworks",
					"@loader_path/Frameworks",
				);
				PRODUCT_BUNDLE_IDENTIFIER = sotatek.com.GeofenceAreaUITests;
				PRODUCT_NAME = "$(TARGET_NAME)";
				SWIFT_VERSION = 5.0;
				TARGETED_DEVICE_FAMILY = "1,2";
				TEST_TARGET_NAME = GeofenceArea;
			};
			name = Debug;
		};
		D45511CA267C3E4200CE0C8F /* Release */ = {
			isa = XCBuildConfiguration;
			baseConfigurationReference = 3D6601824BFB8E76699859D4 /* Pods-GeofenceArea-GeofenceAreaUITests.release.xcconfig */;
			buildSettings = {
				ALWAYS_EMBED_SWIFT_STANDARD_LIBRARIES = YES;
				CODE_SIGN_STYLE = Automatic;
				DEVELOPMENT_TEAM = 4AB6UU9F4M;
				INFOPLIST_FILE = GeofenceAreaUITests/Info.plist;
				LD_RUNPATH_SEARCH_PATHS = (
					"$(inherited)",
					"@executable_path/Frameworks",
					"@loader_path/Frameworks",
				);
				PRODUCT_BUNDLE_IDENTIFIER = sotatek.com.GeofenceAreaUITests;
				PRODUCT_NAME = "$(TARGET_NAME)";
				SWIFT_VERSION = 5.0;
				TARGETED_DEVICE_FAMILY = "1,2";
				TEST_TARGET_NAME = GeofenceArea;
			};
			name = Release;
		};
/* End XCBuildConfiguration section */

/* Begin XCConfigurationList section */
		D4551193267C3E3E00CE0C8F /* Build configuration list for PBXProject "GeofenceArea" */ = {
			isa = XCConfigurationList;
			buildConfigurations = (
				D45511C0267C3E4200CE0C8F /* Debug */,
				D45511C1267C3E4200CE0C8F /* Release */,
			);
			defaultConfigurationIsVisible = 0;
			defaultConfigurationName = Release;
		};
		D45511C2267C3E4200CE0C8F /* Build configuration list for PBXNativeTarget "GeofenceArea" */ = {
			isa = XCConfigurationList;
			buildConfigurations = (
				D45511C3267C3E4200CE0C8F /* Debug */,
				D45511C4267C3E4200CE0C8F /* Release */,
			);
			defaultConfigurationIsVisible = 0;
			defaultConfigurationName = Release;
		};
		D45511C5267C3E4200CE0C8F /* Build configuration list for PBXNativeTarget "GeofenceAreaTests" */ = {
			isa = XCConfigurationList;
			buildConfigurations = (
				D45511C6267C3E4200CE0C8F /* Debug */,
				D45511C7267C3E4200CE0C8F /* Release */,
			);
			defaultConfigurationIsVisible = 0;
			defaultConfigurationName = Release;
		};
		D45511C8267C3E4200CE0C8F /* Build configuration list for PBXNativeTarget "GeofenceAreaUITests" */ = {
			isa = XCConfigurationList;
			buildConfigurations = (
				D45511C9267C3E4200CE0C8F /* Debug */,
				D45511CA267C3E4200CE0C8F /* Release */,
			);
			defaultConfigurationIsVisible = 0;
			defaultConfigurationName = Release;
		};
/* End XCConfigurationList section */
	};
	rootObject = D4551190267C3E3E00CE0C8F /* Project object */;
}
